
Microsoft Visual Studio Solution File, Format Version 12.00
# Visual Studio Version 17
VisualStudioVersion = 17.0.31912.275
MinimumVisualStudioVersion = 10.0.40219.1
Project("{FAE04EC0-301F-11D3-BF4B-00C04F79EFBC}") = "HangmanGame", "Hangman_GUI\HangmanGame.csproj", "{2309EFC1-709F-4252-BC88-65918D5A7FEB}"
EndProject
Global
	GlobalSection(SolutionConfigurationPlatforms) = preSolution
		Debug|Any CPU = Debug|Any CPU
		Release|Any CPU = Release|Any CPU
	EndGlobalSection
	GlobalSection(ProjectConfigurationPlatforms) = postSolution
		{2309EFC1-709F-4252-BC88-65918D5A7FEB}.Debug|Any CPU.ActiveCfg = Debug|Any CPU
		{2309EFC1-709F-4252-BC88-65918D5A7FEB}.Debug|Any CPU.Build.0 = Debug|Any CPU
		{2309EFC1-709F-4252-BC88-65918D5A7FEB}.Release|Any CPU.ActiveCfg = Release|Any CPU
		{2309EFC1-709F-4252-BC88-65918D5A7FEB}.Release|Any CPU.Build.0 = Release|Any CPU
	EndGlobalSection
	GlobalSection(SolutionProperties) = preSolution
		HideSolutionNode = FALSE
	EndGlobalSection
	GlobalSection(ExtensibilityGlobals) = postSolution
		SolutionGuid = {28F54C3F-D62E-431E-B896-657ACB3B841F}
	EndGlobalSection
EndGlobal
